// !$*UTF8*$!
{
	archiveVersion = 1;
	classes = {
	};
	objectVersion = 51;
	objects = {

/* Begin PBXBuildFile section */
		006027A2237BFB0500F92D90 /* popUpReminder.storyboard in Resources */ = {isa = PBXBuildFile; fileRef = 006027A1237BFB0500F92D90 /* popUpReminder.storyboard */; };
		006027A4237BFB2100F92D90 /* popUpReminderViewController.swift in Sources */ = {isa = PBXBuildFile; fileRef = 006027A3237BFB2100F92D90 /* popUpReminderViewController.swift */; };
		006027A6237BFFB700F92D90 /* popUpTurun.storyboard in Resources */ = {isa = PBXBuildFile; fileRef = 006027A5237BFFB700F92D90 /* popUpTurun.storyboard */; };
		006027AB2385091700F92D90 /* ReminderViewController.swift in Sources */ = {isa = PBXBuildFile; fileRef = 006027A92385091700F92D90 /* ReminderViewController.swift */; };
		291F51C0238D2E27008EE3FB /* MyTripsStoryboard.storyboard in Resources */ = {isa = PBXBuildFile; fileRef = 291F51BF238D2E27008EE3FB /* MyTripsStoryboard.storyboard */; };
		49D341582382A1A7008DF83A /* NavDetailCardViewController.swift in Sources */ = {isa = PBXBuildFile; fileRef = 49D341562382A1A7008DF83A /* NavDetailCardViewController.swift */; };
		49D341592382A1A7008DF83A /* NavDetailCardViewController.xib in Resources */ = {isa = PBXBuildFile; fileRef = 49D341572382A1A7008DF83A /* NavDetailCardViewController.xib */; };
		5079A56B2379509200CF68A9 /* CommuteStoryboard.storyboard in Resources */ = {isa = PBXBuildFile; fileRef = 5079A56A2379509200CF68A9 /* CommuteStoryboard.storyboard */; };
		5079A56D237950B400CF68A9 /* CommuteViewController.swift in Sources */ = {isa = PBXBuildFile; fileRef = 5079A56C237950B400CF68A9 /* CommuteViewController.swift */; };
		5079A570237A918000CF68A9 /* NavDetailStoryboard.storyboard in Resources */ = {isa = PBXBuildFile; fileRef = 5079A56F237A918000CF68A9 /* NavDetailStoryboard.storyboard */; };
		5079A572237A91C200CF68A9 /* NavDetailViewController.swift in Sources */ = {isa = PBXBuildFile; fileRef = 5079A571237A91C200CF68A9 /* NavDetailViewController.swift */; };
		5079A5A1237E90CA00CF68A9 /* CloudKit.framework in Frameworks */ = {isa = PBXBuildFile; fileRef = 5079A5A0237E90C900CF68A9 /* CloudKit.framework */; };
		50E9D0FA2355C25A000042BC /* AppDelegate.swift in Sources */ = {isa = PBXBuildFile; fileRef = 50E9D0F92355C25A000042BC /* AppDelegate.swift */; };
		50E9D0FC2355C25A000042BC /* SceneDelegate.swift in Sources */ = {isa = PBXBuildFile; fileRef = 50E9D0FB2355C25A000042BC /* SceneDelegate.swift */; };
		50E9D1042355C25A000042BC /* BussMeStoryboard.xcdatamodeld in Sources */ = {isa = PBXBuildFile; fileRef = 50E9D1022355C25A000042BC /* BussMeStoryboard.xcdatamodeld */; };
		50E9D1062355C25C000042BC /* Assets.xcassets in Resources */ = {isa = PBXBuildFile; fileRef = 50E9D1052355C25C000042BC /* Assets.xcassets */; };
		50E9D1092355C25C000042BC /* LaunchScreen.storyboard in Resources */ = {isa = PBXBuildFile; fileRef = 50E9D1072355C25C000042BC /* LaunchScreen.storyboard */; };
		50E9D1142355C25C000042BC /* BussMeStoryboardTests.swift in Sources */ = {isa = PBXBuildFile; fileRef = 50E9D1132355C25C000042BC /* BussMeStoryboardTests.swift */; };
		50E9D11F2355C25C000042BC /* BussMeStoryboardUITests.swift in Sources */ = {isa = PBXBuildFile; fileRef = 50E9D11E2355C25C000042BC /* BussMeStoryboardUITests.swift */; };
		50E9D3B22359B352000042BC /* Model.swift in Sources */ = {isa = PBXBuildFile; fileRef = 50E9D3B12359B352000042BC /* Model.swift */; };
		50E9D3B9235EEB00000042BC /* (null) in Frameworks */ = {isa = PBXBuildFile; };
		5114B37F2387B63D00E49B4D /* CommuteNaikModalViewController.swift in Sources */ = {isa = PBXBuildFile; fileRef = 5114B37D2387B63D00E49B4D /* CommuteNaikModalViewController.swift */; };
		5114B3802387B63D00E49B4D /* CommuteNaikModalViewController.xib in Resources */ = {isa = PBXBuildFile; fileRef = 5114B37E2387B63D00E49B4D /* CommuteNaikModalViewController.xib */; };
		511DE493237BF6A000058BFD /* CommuteModalViewController.swift in Sources */ = {isa = PBXBuildFile; fileRef = 511DE491237BF6A000058BFD /* CommuteModalViewController.swift */; };
		511DE494237BF6A000058BFD /* CommuteModalViewController.xib in Resources */ = {isa = PBXBuildFile; fileRef = 511DE492237BF6A000058BFD /* CommuteModalViewController.xib */; };
		512DB0D32387BC40000A2558 /* CommuteNaikViewController.swift in Sources */ = {isa = PBXBuildFile; fileRef = 512DB0D22387BC40000A2558 /* CommuteNaikViewController.swift */; };
		58ABD31DA095508EC28636D4 /* Pods_BussMeStoryboard_BussMeStoryboardUITests.framework in Frameworks */ = {isa = PBXBuildFile; fileRef = 7A52C92A51075A0C4EB42CA5 /* Pods_BussMeStoryboard_BussMeStoryboardUITests.framework */; };
		6337DD0A235EF83B00D71441 /* CommuteNaikStoryboard.storyboard in Resources */ = {isa = PBXBuildFile; fileRef = 6337DD09235EF83B00D71441 /* CommuteNaikStoryboard.storyboard */; };
		BF646D1CAB005371A2FE3DCC /* Pods_BussMeStoryboardTests.framework in Frameworks */ = {isa = PBXBuildFile; fileRef = C3693E2F672A0A979AB1B0EB /* Pods_BussMeStoryboardTests.framework */; };
		D55218E041A4BF7F6765A4BF /* Pods_BussMeStoryboard.framework in Frameworks */ = {isa = PBXBuildFile; fileRef = DAD65566A8245E7A4A3289A3 /* Pods_BussMeStoryboard.framework */; };
/* End PBXBuildFile section */

/* Begin PBXContainerItemProxy section */
		50E9D1102355C25C000042BC /* PBXContainerItemProxy */ = {
			isa = PBXContainerItemProxy;
			containerPortal = 50E9D0EE2355C25A000042BC /* Project object */;
			proxyType = 1;
			remoteGlobalIDString = 50E9D0F52355C25A000042BC;
			remoteInfo = BussMeStoryboard;
		};
		50E9D11B2355C25C000042BC /* PBXContainerItemProxy */ = {
			isa = PBXContainerItemProxy;
			containerPortal = 50E9D0EE2355C25A000042BC /* Project object */;
			proxyType = 1;
			remoteGlobalIDString = 50E9D0F52355C25A000042BC;
			remoteInfo = BussMeStoryboard;
		};
/* End PBXContainerItemProxy section */

/* Begin PBXFileReference section */
		006027A1237BFB0500F92D90 /* popUpReminder.storyboard */ = {isa = PBXFileReference; lastKnownFileType = file.storyboard; path = popUpReminder.storyboard; sourceTree = "<group>"; };
		006027A3237BFB2100F92D90 /* popUpReminderViewController.swift */ = {isa = PBXFileReference; lastKnownFileType = sourcecode.swift; path = popUpReminderViewController.swift; sourceTree = "<group>"; };
		006027A5237BFFB700F92D90 /* popUpTurun.storyboard */ = {isa = PBXFileReference; lastKnownFileType = file.storyboard; path = popUpTurun.storyboard; sourceTree = "<group>"; };
		006027A92385091700F92D90 /* ReminderViewController.swift */ = {isa = PBXFileReference; lastKnownFileType = sourcecode.swift; path = ReminderViewController.swift; sourceTree = "<group>"; };
		006027AA2385091700F92D90 /* ReminderViewController.xib */ = {isa = PBXFileReference; lastKnownFileType = file.xib; path = ReminderViewController.xib; sourceTree = "<group>"; };
		291F51BF238D2E27008EE3FB /* MyTripsStoryboard.storyboard */ = {isa = PBXFileReference; fileEncoding = 4; lastKnownFileType = file.storyboard; path = MyTripsStoryboard.storyboard; sourceTree = "<group>"; };
		2BDBFA39DF23F08F0E43758C /* Pods-BussMeStoryboard-BussMeStoryboardUITests.release.xcconfig */ = {isa = PBXFileReference; includeInIndex = 1; lastKnownFileType = text.xcconfig; name = "Pods-BussMeStoryboard-BussMeStoryboardUITests.release.xcconfig"; path = "Target Support Files/Pods-BussMeStoryboard-BussMeStoryboardUITests/Pods-BussMeStoryboard-BussMeStoryboardUITests.release.xcconfig"; sourceTree = "<group>"; };
		49D341562382A1A7008DF83A /* NavDetailCardViewController.swift */ = {isa = PBXFileReference; lastKnownFileType = sourcecode.swift; path = NavDetailCardViewController.swift; sourceTree = "<group>"; };
		49D341572382A1A7008DF83A /* NavDetailCardViewController.xib */ = {isa = PBXFileReference; lastKnownFileType = file.xib; path = NavDetailCardViewController.xib; sourceTree = "<group>"; };
		5079A56A2379509200CF68A9 /* CommuteStoryboard.storyboard */ = {isa = PBXFileReference; lastKnownFileType = file.storyboard; path = CommuteStoryboard.storyboard; sourceTree = "<group>"; };
		5079A56C237950B400CF68A9 /* CommuteViewController.swift */ = {isa = PBXFileReference; lastKnownFileType = sourcecode.swift; path = CommuteViewController.swift; sourceTree = "<group>"; };
		5079A56F237A918000CF68A9 /* NavDetailStoryboard.storyboard */ = {isa = PBXFileReference; lastKnownFileType = file.storyboard; path = NavDetailStoryboard.storyboard; sourceTree = "<group>"; };
		5079A571237A91C200CF68A9 /* NavDetailViewController.swift */ = {isa = PBXFileReference; lastKnownFileType = sourcecode.swift; path = NavDetailViewController.swift; sourceTree = "<group>"; };
		5079A5A0237E90C900CF68A9 /* CloudKit.framework */ = {isa = PBXFileReference; lastKnownFileType = wrapper.framework; name = CloudKit.framework; path = System/Library/Frameworks/CloudKit.framework; sourceTree = SDKROOT; };
		50E9D0F62355C25A000042BC /* FellowCity.app */ = {isa = PBXFileReference; explicitFileType = wrapper.application; includeInIndex = 0; path = FellowCity.app; sourceTree = BUILT_PRODUCTS_DIR; };
		50E9D0F92355C25A000042BC /* AppDelegate.swift */ = {isa = PBXFileReference; lastKnownFileType = sourcecode.swift; path = AppDelegate.swift; sourceTree = "<group>"; };
		50E9D0FB2355C25A000042BC /* SceneDelegate.swift */ = {isa = PBXFileReference; lastKnownFileType = sourcecode.swift; path = SceneDelegate.swift; sourceTree = "<group>"; };
		50E9D1032355C25A000042BC /* BussMeStoryboard.xcdatamodel */ = {isa = PBXFileReference; lastKnownFileType = wrapper.xcdatamodel; path = BussMeStoryboard.xcdatamodel; sourceTree = "<group>"; };
		50E9D1052355C25C000042BC /* Assets.xcassets */ = {isa = PBXFileReference; lastKnownFileType = folder.assetcatalog; path = Assets.xcassets; sourceTree = "<group>"; };
		50E9D1082355C25C000042BC /* Base */ = {isa = PBXFileReference; lastKnownFileType = file.storyboard; name = Base; path = Base.lproj/LaunchScreen.storyboard; sourceTree = "<group>"; };
		50E9D10A2355C25C000042BC /* Info.plist */ = {isa = PBXFileReference; lastKnownFileType = text.plist.xml; path = Info.plist; sourceTree = "<group>"; };
		50E9D10F2355C25C000042BC /* BussMeStoryboardTests.xctest */ = {isa = PBXFileReference; explicitFileType = wrapper.cfbundle; includeInIndex = 0; path = BussMeStoryboardTests.xctest; sourceTree = BUILT_PRODUCTS_DIR; };
		50E9D1132355C25C000042BC /* BussMeStoryboardTests.swift */ = {isa = PBXFileReference; lastKnownFileType = sourcecode.swift; path = BussMeStoryboardTests.swift; sourceTree = "<group>"; };
		50E9D1152355C25C000042BC /* Info.plist */ = {isa = PBXFileReference; lastKnownFileType = text.plist.xml; path = Info.plist; sourceTree = "<group>"; };
		50E9D11A2355C25C000042BC /* BussMeStoryboardUITests.xctest */ = {isa = PBXFileReference; explicitFileType = wrapper.cfbundle; includeInIndex = 0; path = BussMeStoryboardUITests.xctest; sourceTree = BUILT_PRODUCTS_DIR; };
		50E9D11E2355C25C000042BC /* BussMeStoryboardUITests.swift */ = {isa = PBXFileReference; lastKnownFileType = sourcecode.swift; path = BussMeStoryboardUITests.swift; sourceTree = "<group>"; };
		50E9D1202355C25C000042BC /* Info.plist */ = {isa = PBXFileReference; lastKnownFileType = text.plist.xml; path = Info.plist; sourceTree = "<group>"; };
		50E9D3B12359B352000042BC /* Model.swift */ = {isa = PBXFileReference; lastKnownFileType = sourcecode.swift; path = Model.swift; sourceTree = "<group>"; };
		5114B37D2387B63D00E49B4D /* CommuteNaikModalViewController.swift */ = {isa = PBXFileReference; lastKnownFileType = sourcecode.swift; path = CommuteNaikModalViewController.swift; sourceTree = "<group>"; };
		5114B37E2387B63D00E49B4D /* CommuteNaikModalViewController.xib */ = {isa = PBXFileReference; lastKnownFileType = file.xib; path = CommuteNaikModalViewController.xib; sourceTree = "<group>"; };
		511DE491237BF6A000058BFD /* CommuteModalViewController.swift */ = {isa = PBXFileReference; lastKnownFileType = sourcecode.swift; path = CommuteModalViewController.swift; sourceTree = "<group>"; };
		511DE492237BF6A000058BFD /* CommuteModalViewController.xib */ = {isa = PBXFileReference; lastKnownFileType = file.xib; path = CommuteModalViewController.xib; sourceTree = "<group>"; };
		512DB0D22387BC40000A2558 /* CommuteNaikViewController.swift */ = {isa = PBXFileReference; lastKnownFileType = sourcecode.swift; path = CommuteNaikViewController.swift; sourceTree = "<group>"; };
		6337DD09235EF83B00D71441 /* CommuteNaikStoryboard.storyboard */ = {isa = PBXFileReference; lastKnownFileType = file.storyboard; path = CommuteNaikStoryboard.storyboard; sourceTree = "<group>"; };
		7A52C92A51075A0C4EB42CA5 /* Pods_BussMeStoryboard_BussMeStoryboardUITests.framework */ = {isa = PBXFileReference; explicitFileType = wrapper.framework; includeInIndex = 0; path = Pods_BussMeStoryboard_BussMeStoryboardUITests.framework; sourceTree = BUILT_PRODUCTS_DIR; };
		888D1D867A4F3AE799093AA1 /* Pods-BussMeStoryboardTests.debug.xcconfig */ = {isa = PBXFileReference; includeInIndex = 1; lastKnownFileType = text.xcconfig; name = "Pods-BussMeStoryboardTests.debug.xcconfig"; path = "Target Support Files/Pods-BussMeStoryboardTests/Pods-BussMeStoryboardTests.debug.xcconfig"; sourceTree = "<group>"; };
		B377B4D3DD6CC06E095AAC74 /* Pods-BussMeStoryboard-BussMeStoryboardUITests.debug.xcconfig */ = {isa = PBXFileReference; includeInIndex = 1; lastKnownFileType = text.xcconfig; name = "Pods-BussMeStoryboard-BussMeStoryboardUITests.debug.xcconfig"; path = "Target Support Files/Pods-BussMeStoryboard-BussMeStoryboardUITests/Pods-BussMeStoryboard-BussMeStoryboardUITests.debug.xcconfig"; sourceTree = "<group>"; };
		C17E0CB0F9069AE8F9532AB5 /* Pods-BussMeStoryboard.debug.xcconfig */ = {isa = PBXFileReference; includeInIndex = 1; lastKnownFileType = text.xcconfig; name = "Pods-BussMeStoryboard.debug.xcconfig"; path = "Target Support Files/Pods-BussMeStoryboard/Pods-BussMeStoryboard.debug.xcconfig"; sourceTree = "<group>"; };
		C3693E2F672A0A979AB1B0EB /* Pods_BussMeStoryboardTests.framework */ = {isa = PBXFileReference; explicitFileType = wrapper.framework; includeInIndex = 0; path = Pods_BussMeStoryboardTests.framework; sourceTree = BUILT_PRODUCTS_DIR; };
		DAD65566A8245E7A4A3289A3 /* Pods_BussMeStoryboard.framework */ = {isa = PBXFileReference; explicitFileType = wrapper.framework; includeInIndex = 0; path = Pods_BussMeStoryboard.framework; sourceTree = BUILT_PRODUCTS_DIR; };
		E2B2B33665EB2AAED3935324 /* Pods-BussMeStoryboardTests.release.xcconfig */ = {isa = PBXFileReference; includeInIndex = 1; lastKnownFileType = text.xcconfig; name = "Pods-BussMeStoryboardTests.release.xcconfig"; path = "Target Support Files/Pods-BussMeStoryboardTests/Pods-BussMeStoryboardTests.release.xcconfig"; sourceTree = "<group>"; };
		F419FB808859F4B2AD9CBD54 /* Pods-BussMeStoryboard.release.xcconfig */ = {isa = PBXFileReference; includeInIndex = 1; lastKnownFileType = text.xcconfig; name = "Pods-BussMeStoryboard.release.xcconfig"; path = "Target Support Files/Pods-BussMeStoryboard/Pods-BussMeStoryboard.release.xcconfig"; sourceTree = "<group>"; };
/* End PBXFileReference section */

/* Begin PBXFrameworksBuildPhase section */
		50E9D0F32355C25A000042BC /* Frameworks */ = {
			isa = PBXFrameworksBuildPhase;
			buildActionMask = 2147483647;
			files = (
				5079A5A1237E90CA00CF68A9 /* CloudKit.framework in Frameworks */,
				D55218E041A4BF7F6765A4BF /* Pods_BussMeStoryboard.framework in Frameworks */,
				50E9D3B9235EEB00000042BC /* (null) in Frameworks */,
			);
			runOnlyForDeploymentPostprocessing = 0;
		};
		50E9D10C2355C25C000042BC /* Frameworks */ = {
			isa = PBXFrameworksBuildPhase;
			buildActionMask = 2147483647;
			files = (
				BF646D1CAB005371A2FE3DCC /* Pods_BussMeStoryboardTests.framework in Frameworks */,
			);
			runOnlyForDeploymentPostprocessing = 0;
		};
		50E9D1172355C25C000042BC /* Frameworks */ = {
			isa = PBXFrameworksBuildPhase;
			buildActionMask = 2147483647;
			files = (
				58ABD31DA095508EC28636D4 /* Pods_BussMeStoryboard_BussMeStoryboardUITests.framework in Frameworks */,
			);
			runOnlyForDeploymentPostprocessing = 0;
		};
/* End PBXFrameworksBuildPhase section */

/* Begin PBXGroup section */
		0060279C237BF24E00F92D90 /* Alert */ = {
			isa = PBXGroup;
			children = (
				006027A1237BFB0500F92D90 /* popUpReminder.storyboard */,
				006027A5237BFFB700F92D90 /* popUpTurun.storyboard */,
				006027A3237BFB2100F92D90 /* popUpReminderViewController.swift */,
			);
			path = Alert;
			sourceTree = "<group>";
		};
		5079A5692379507D00CF68A9 /* Commute */ = {
			isa = PBXGroup;
			children = (
				5079A56A2379509200CF68A9 /* CommuteStoryboard.storyboard */,
				5079A56C237950B400CF68A9 /* CommuteViewController.swift */,
				511DE491237BF6A000058BFD /* CommuteModalViewController.swift */,
				511DE492237BF6A000058BFD /* CommuteModalViewController.xib */,
			);
			path = Commute;
			sourceTree = "<group>";
		};
		5079A56E237A915D00CF68A9 /* Navigation Detail */ = {
			isa = PBXGroup;
			children = (
				5079A56F237A918000CF68A9 /* NavDetailStoryboard.storyboard */,
				5079A571237A91C200CF68A9 /* NavDetailViewController.swift */,
				49D341562382A1A7008DF83A /* NavDetailCardViewController.swift */,
				49D341572382A1A7008DF83A /* NavDetailCardViewController.xib */,
			);
			path = "Navigation Detail";
			sourceTree = "<group>";
		};
		50E9D0ED2355C25A000042BC = {
			isa = PBXGroup;
			children = (
				50E9D0F82355C25A000042BC /* BussMeStoryboard */,
				50E9D1122355C25C000042BC /* BussMeStoryboardTests */,
				50E9D11D2355C25C000042BC /* BussMeStoryboardUITests */,
				50E9D0F72355C25A000042BC /* Products */,
				ECF6FD434E69EC4EC4081411 /* Pods */,
				65B551BECA942260508B91B1 /* Frameworks */,
			);
			sourceTree = "<group>";
		};
		50E9D0F72355C25A000042BC /* Products */ = {
			isa = PBXGroup;
			children = (
				50E9D0F62355C25A000042BC /* FellowCity.app */,
				50E9D10F2355C25C000042BC /* BussMeStoryboardTests.xctest */,
				50E9D11A2355C25C000042BC /* BussMeStoryboardUITests.xctest */,
			);
			name = Products;
			sourceTree = "<group>";
		};
		50E9D0F82355C25A000042BC /* BussMeStoryboard */ = {
			isa = PBXGroup;
			children = (
				0060279C237BF24E00F92D90 /* Alert */,
				5079A56E237A915D00CF68A9 /* Navigation Detail */,
				5079A5692379507D00CF68A9 /* Commute */,
				6337DD08235EF7C900D71441 /* Im In */,
				512DB0D42387C7AC000A2558 /* My Trips */,
				63B43F9623585BBF00131562 /* Home */,
				50E9D0F92355C25A000042BC /* AppDelegate.swift */,
				50E9D0FB2355C25A000042BC /* SceneDelegate.swift */,
				50E9D3B12359B352000042BC /* Model.swift */,
				50E9D1052355C25C000042BC /* Assets.xcassets */,
				50E9D1072355C25C000042BC /* LaunchScreen.storyboard */,
				50E9D10A2355C25C000042BC /* Info.plist */,
				50E9D1022355C25A000042BC /* BussMeStoryboard.xcdatamodeld */,
			);
			path = BussMeStoryboard;
			sourceTree = "<group>";
		};
		50E9D1122355C25C000042BC /* BussMeStoryboardTests */ = {
			isa = PBXGroup;
			children = (
				50E9D1132355C25C000042BC /* BussMeStoryboardTests.swift */,
				50E9D1152355C25C000042BC /* Info.plist */,
			);
			path = BussMeStoryboardTests;
			sourceTree = "<group>";
		};
		50E9D11D2355C25C000042BC /* BussMeStoryboardUITests */ = {
			isa = PBXGroup;
			children = (
				50E9D11E2355C25C000042BC /* BussMeStoryboardUITests.swift */,
				50E9D1202355C25C000042BC /* Info.plist */,
			);
			path = BussMeStoryboardUITests;
			sourceTree = "<group>";
		};
		512DB0D42387C7AC000A2558 /* My Trips */ = {
			isa = PBXGroup;
			children = (
				291F51BF238D2E27008EE3FB /* MyTripsStoryboard.storyboard */,
			);
			path = "My Trips";
			sourceTree = "<group>";
		};
		6337DD08235EF7C900D71441 /* Im In */ = {
			isa = PBXGroup;
			children = (
				6337DD09235EF83B00D71441 /* CommuteNaikStoryboard.storyboard */,
				512DB0D22387BC40000A2558 /* CommuteNaikViewController.swift */,
				5114B37D2387B63D00E49B4D /* CommuteNaikModalViewController.swift */,
				5114B37E2387B63D00E49B4D /* CommuteNaikModalViewController.xib */,
			);
			path = "Im In";
			sourceTree = "<group>";
		};
		63B43F9623585BBF00131562 /* Home */ = {
			isa = PBXGroup;
			children = (
				006027A92385091700F92D90 /* ReminderViewController.swift */,
				006027AA2385091700F92D90 /* ReminderViewController.xib */,
			);
			path = Home;
			sourceTree = "<group>";
		};
		65B551BECA942260508B91B1 /* Frameworks */ = {
			isa = PBXGroup;
			children = (
				5079A5A0237E90C900CF68A9 /* CloudKit.framework */,
				DAD65566A8245E7A4A3289A3 /* Pods_BussMeStoryboard.framework */,
				7A52C92A51075A0C4EB42CA5 /* Pods_BussMeStoryboard_BussMeStoryboardUITests.framework */,
				C3693E2F672A0A979AB1B0EB /* Pods_BussMeStoryboardTests.framework */,
			);
			name = Frameworks;
			sourceTree = "<group>";
		};
		ECF6FD434E69EC4EC4081411 /* Pods */ = {
			isa = PBXGroup;
			children = (
				C17E0CB0F9069AE8F9532AB5 /* Pods-BussMeStoryboard.debug.xcconfig */,
				F419FB808859F4B2AD9CBD54 /* Pods-BussMeStoryboard.release.xcconfig */,
				B377B4D3DD6CC06E095AAC74 /* Pods-BussMeStoryboard-BussMeStoryboardUITests.debug.xcconfig */,
				2BDBFA39DF23F08F0E43758C /* Pods-BussMeStoryboard-BussMeStoryboardUITests.release.xcconfig */,
				888D1D867A4F3AE799093AA1 /* Pods-BussMeStoryboardTests.debug.xcconfig */,
				E2B2B33665EB2AAED3935324 /* Pods-BussMeStoryboardTests.release.xcconfig */,
			);
			path = Pods;
			sourceTree = "<group>";
		};
/* End PBXGroup section */

/* Begin PBXNativeTarget section */
		50E9D0F52355C25A000042BC /* BussMeStoryboard */ = {
			isa = PBXNativeTarget;
			buildConfigurationList = 50E9D1232355C25C000042BC /* Build configuration list for PBXNativeTarget "BussMeStoryboard" */;
			buildPhases = (
				8424D38AA15C6A98E74BF8A7 /* [CP] Check Pods Manifest.lock */,
				50E9D0F22355C25A000042BC /* Sources */,
				50E9D0F32355C25A000042BC /* Frameworks */,
				50E9D0F42355C25A000042BC /* Resources */,
				511DE48D237BF11400058BFD /* ShellScript */,
				0F6FF4A313BAB740C0AB53F6 /* [CP] Copy Pods Resources */,
			);
			buildRules = (
			);
			dependencies = (
			);
			name = BussMeStoryboard;
			productName = BussMeStoryboard;
			productReference = 50E9D0F62355C25A000042BC /* FellowCity.app */;
			productType = "com.apple.product-type.application";
		};
		50E9D10E2355C25C000042BC /* BussMeStoryboardTests */ = {
			isa = PBXNativeTarget;
			buildConfigurationList = 50E9D1262355C25C000042BC /* Build configuration list for PBXNativeTarget "BussMeStoryboardTests" */;
			buildPhases = (
				7CD159DA210FC8CAA6852CB7 /* [CP] Check Pods Manifest.lock */,
				50E9D10B2355C25C000042BC /* Sources */,
				50E9D10C2355C25C000042BC /* Frameworks */,
				50E9D10D2355C25C000042BC /* Resources */,
			);
			buildRules = (
			);
			dependencies = (
				50E9D1112355C25C000042BC /* PBXTargetDependency */,
			);
			name = BussMeStoryboardTests;
			productName = BussMeStoryboardTests;
			productReference = 50E9D10F2355C25C000042BC /* BussMeStoryboardTests.xctest */;
			productType = "com.apple.product-type.bundle.unit-test";
		};
		50E9D1192355C25C000042BC /* BussMeStoryboardUITests */ = {
			isa = PBXNativeTarget;
			buildConfigurationList = 50E9D1292355C25C000042BC /* Build configuration list for PBXNativeTarget "BussMeStoryboardUITests" */;
			buildPhases = (
				98E5683408D428537A2E0854 /* [CP] Check Pods Manifest.lock */,
				50E9D1162355C25C000042BC /* Sources */,
				50E9D1172355C25C000042BC /* Frameworks */,
				50E9D1182355C25C000042BC /* Resources */,
				AA98AF317BB1C240189DF04E /* [CP] Copy Pods Resources */,
			);
			buildRules = (
			);
			dependencies = (
				50E9D11C2355C25C000042BC /* PBXTargetDependency */,
			);
			name = BussMeStoryboardUITests;
			productName = BussMeStoryboardUITests;
			productReference = 50E9D11A2355C25C000042BC /* BussMeStoryboardUITests.xctest */;
			productType = "com.apple.product-type.bundle.ui-testing";
		};
/* End PBXNativeTarget section */

/* Begin PBXProject section */
		50E9D0EE2355C25A000042BC /* Project object */ = {
			isa = PBXProject;
			attributes = {
				LastSwiftUpdateCheck = 1100;
				LastUpgradeCheck = 1100;
				ORGANIZATIONNAME = "Ricky Effendi";
				TargetAttributes = {
					50E9D0F52355C25A000042BC = {
						CreatedOnToolsVersion = 11.0;
					};
					50E9D10E2355C25C000042BC = {
						CreatedOnToolsVersion = 11.0;
						TestTargetID = 50E9D0F52355C25A000042BC;
					};
					50E9D1192355C25C000042BC = {
						CreatedOnToolsVersion = 11.0;
						TestTargetID = 50E9D0F52355C25A000042BC;
					};
				};
			};
			buildConfigurationList = 50E9D0F12355C25A000042BC /* Build configuration list for PBXProject "BussMeStoryboard" */;
			compatibilityVersion = "Xcode 9.3";
			developmentRegion = en;
			hasScannedForEncodings = 0;
			knownRegions = (
				en,
				Base,
			);
			mainGroup = 50E9D0ED2355C25A000042BC;
			productRefGroup = 50E9D0F72355C25A000042BC /* Products */;
			projectDirPath = "";
			projectRoot = "";
			targets = (
				50E9D0F52355C25A000042BC /* BussMeStoryboard */,
				50E9D10E2355C25C000042BC /* BussMeStoryboardTests */,
				50E9D1192355C25C000042BC /* BussMeStoryboardUITests */,
			);
		};
/* End PBXProject section */

/* Begin PBXResourcesBuildPhase section */
		50E9D0F42355C25A000042BC /* Resources */ = {
			isa = PBXResourcesBuildPhase;
			buildActionMask = 2147483647;
			files = (
				291F51C0238D2E27008EE3FB /* MyTripsStoryboard.storyboard in Resources */,
				50E9D1092355C25C000042BC /* LaunchScreen.storyboard in Resources */,
				006027A6237BFFB700F92D90 /* popUpTurun.storyboard in Resources */,
				6337DD0A235EF83B00D71441 /* CommuteNaikStoryboard.storyboard in Resources */,
				49D341592382A1A7008DF83A /* NavDetailCardViewController.xib in Resources */,
				5114B3802387B63D00E49B4D /* CommuteNaikModalViewController.xib in Resources */,
				006027A2237BFB0500F92D90 /* popUpReminder.storyboard in Resources */,
				511DE494237BF6A000058BFD /* CommuteModalViewController.xib in Resources */,
				50E9D1062355C25C000042BC /* Assets.xcassets in Resources */,
				5079A570237A918000CF68A9 /* NavDetailStoryboard.storyboard in Resources */,
				5079A56B2379509200CF68A9 /* CommuteStoryboard.storyboard in Resources */,
			);
			runOnlyForDeploymentPostprocessing = 0;
		};
		50E9D10D2355C25C000042BC /* Resources */ = {
			isa = PBXResourcesBuildPhase;
			buildActionMask = 2147483647;
			files = (
			);
			runOnlyForDeploymentPostprocessing = 0;
		};
		50E9D1182355C25C000042BC /* Resources */ = {
			isa = PBXResourcesBuildPhase;
			buildActionMask = 2147483647;
			files = (
			);
			runOnlyForDeploymentPostprocessing = 0;
		};
/* End PBXResourcesBuildPhase section */

/* Begin PBXShellScriptBuildPhase section */
		0F6FF4A313BAB740C0AB53F6 /* [CP] Copy Pods Resources */ = {
			isa = PBXShellScriptBuildPhase;
			buildActionMask = 2147483647;
			files = (
			);
			inputFileListPaths = (
				"${PODS_ROOT}/Target Support Files/Pods-BussMeStoryboard/Pods-BussMeStoryboard-resources-${CONFIGURATION}-input-files.xcfilelist",
			);
			name = "[CP] Copy Pods Resources";
			outputFileListPaths = (
				"${PODS_ROOT}/Target Support Files/Pods-BussMeStoryboard/Pods-BussMeStoryboard-resources-${CONFIGURATION}-output-files.xcfilelist",
			);
			runOnlyForDeploymentPostprocessing = 0;
			shellPath = /bin/sh;
			shellScript = "\"${PODS_ROOT}/Target Support Files/Pods-BussMeStoryboard/Pods-BussMeStoryboard-resources.sh\"\n";
			showEnvVarsInLog = 0;
		};
		511DE48D237BF11400058BFD /* ShellScript */ = {
			isa = PBXShellScriptBuildPhase;
			buildActionMask = 2147483647;
			files = (
			);
			inputFileListPaths = (
			);
			inputPaths = (
			);
			outputFileListPaths = (
			);
			outputPaths = (
			);
			runOnlyForDeploymentPostprocessing = 0;
			shellPath = /bin/sh;
			shellScript = "# Type a script or drag a script file from your workspace to insert its path.\n\n";
		};
		7CD159DA210FC8CAA6852CB7 /* [CP] Check Pods Manifest.lock */ = {
			isa = PBXShellScriptBuildPhase;
			buildActionMask = 2147483647;
			files = (
			);
			inputFileListPaths = (
			);
			inputPaths = (
				"${PODS_PODFILE_DIR_PATH}/Podfile.lock",
				"${PODS_ROOT}/Manifest.lock",
			);
			name = "[CP] Check Pods Manifest.lock";
			outputFileListPaths = (
			);
			outputPaths = (
				"$(DERIVED_FILE_DIR)/Pods-BussMeStoryboardTests-checkManifestLockResult.txt",
			);
			runOnlyForDeploymentPostprocessing = 0;
			shellPath = /bin/sh;
			shellScript = "diff \"${PODS_PODFILE_DIR_PATH}/Podfile.lock\" \"${PODS_ROOT}/Manifest.lock\" > /dev/null\nif [ $? != 0 ] ; then\n    # print error to STDERR\n    echo \"error: The sandbox is not in sync with the Podfile.lock. Run 'pod install' or update your CocoaPods installation.\" >&2\n    exit 1\nfi\n# This output is used by Xcode 'outputs' to avoid re-running this script phase.\necho \"SUCCESS\" > \"${SCRIPT_OUTPUT_FILE_0}\"\n";
			showEnvVarsInLog = 0;
		};
		8424D38AA15C6A98E74BF8A7 /* [CP] Check Pods Manifest.lock */ = {
			isa = PBXShellScriptBuildPhase;
			buildActionMask = 2147483647;
			files = (
			);
			inputFileListPaths = (
			);
			inputPaths = (
				"${PODS_PODFILE_DIR_PATH}/Podfile.lock",
				"${PODS_ROOT}/Manifest.lock",
			);
			name = "[CP] Check Pods Manifest.lock";
			outputFileListPaths = (
			);
			outputPaths = (
				"$(DERIVED_FILE_DIR)/Pods-BussMeStoryboard-checkManifestLockResult.txt",
			);
			runOnlyForDeploymentPostprocessing = 0;
			shellPath = /bin/sh;
			shellScript = "diff \"${PODS_PODFILE_DIR_PATH}/Podfile.lock\" \"${PODS_ROOT}/Manifest.lock\" > /dev/null\nif [ $? != 0 ] ; then\n    # print error to STDERR\n    echo \"error: The sandbox is not in sync with the Podfile.lock. Run 'pod install' or update your CocoaPods installation.\" >&2\n    exit 1\nfi\n# This output is used by Xcode 'outputs' to avoid re-running this script phase.\necho \"SUCCESS\" > \"${SCRIPT_OUTPUT_FILE_0}\"\n";
			showEnvVarsInLog = 0;
		};
		98E5683408D428537A2E0854 /* [CP] Check Pods Manifest.lock */ = {
			isa = PBXShellScriptBuildPhase;
			buildActionMask = 2147483647;
			files = (
			);
			inputFileListPaths = (
			);
			inputPaths = (
				"${PODS_PODFILE_DIR_PATH}/Podfile.lock",
				"${PODS_ROOT}/Manifest.lock",
			);
			name = "[CP] Check Pods Manifest.lock";
			outputFileListPaths = (
			);
			outputPaths = (
				"$(DERIVED_FILE_DIR)/Pods-BussMeStoryboard-BussMeStoryboardUITests-checkManifestLockResult.txt",
			);
			runOnlyForDeploymentPostprocessing = 0;
			shellPath = /bin/sh;
			shellScript = "diff \"${PODS_PODFILE_DIR_PATH}/Podfile.lock\" \"${PODS_ROOT}/Manifest.lock\" > /dev/null\nif [ $? != 0 ] ; then\n    # print error to STDERR\n    echo \"error: The sandbox is not in sync with the Podfile.lock. Run 'pod install' or update your CocoaPods installation.\" >&2\n    exit 1\nfi\n# This output is used by Xcode 'outputs' to avoid re-running this script phase.\necho \"SUCCESS\" > \"${SCRIPT_OUTPUT_FILE_0}\"\n";
			showEnvVarsInLog = 0;
		};
		AA98AF317BB1C240189DF04E /* [CP] Copy Pods Resources */ = {
			isa = PBXShellScriptBuildPhase;
			buildActionMask = 2147483647;
			files = (
			);
			inputFileListPaths = (
				"${PODS_ROOT}/Target Support Files/Pods-BussMeStoryboard-BussMeStoryboardUITests/Pods-BussMeStoryboard-BussMeStoryboardUITests-resources-${CONFIGURATION}-input-files.xcfilelist",
			);
			name = "[CP] Copy Pods Resources";
			outputFileListPaths = (
				"${PODS_ROOT}/Target Support Files/Pods-BussMeStoryboard-BussMeStoryboardUITests/Pods-BussMeStoryboard-BussMeStoryboardUITests-resources-${CONFIGURATION}-output-files.xcfilelist",
			);
			runOnlyForDeploymentPostprocessing = 0;
			shellPath = /bin/sh;
			shellScript = "\"${PODS_ROOT}/Target Support Files/Pods-BussMeStoryboard-BussMeStoryboardUITests/Pods-BussMeStoryboard-BussMeStoryboardUITests-resources.sh\"\n";
			showEnvVarsInLog = 0;
		};
/* End PBXShellScriptBuildPhase section */

/* Begin PBXSourcesBuildPhase section */
		50E9D0F22355C25A000042BC /* Sources */ = {
			isa = PBXSourcesBuildPhase;
			buildActionMask = 2147483647;
			files = (
				50E9D3B22359B352000042BC /* Model.swift in Sources */,
				511DE493237BF6A000058BFD /* CommuteModalViewController.swift in Sources */,
				5114B37F2387B63D00E49B4D /* CommuteNaikModalViewController.swift in Sources */,
				50E9D1042355C25A000042BC /* BussMeStoryboard.xcdatamodeld in Sources */,
				5079A56D237950B400CF68A9 /* CommuteViewController.swift in Sources */,
				512DB0D32387BC40000A2558 /* CommuteNaikViewController.swift in Sources */,
				50E9D0FA2355C25A000042BC /* AppDelegate.swift in Sources */,
				50E9D0FC2355C25A000042BC /* SceneDelegate.swift in Sources */,
				5079A572237A91C200CF68A9 /* NavDetailViewController.swift in Sources */,
				006027A4237BFB2100F92D90 /* popUpReminderViewController.swift in Sources */,
				49D341582382A1A7008DF83A /* NavDetailCardViewController.swift in Sources */,
				006027AB2385091700F92D90 /* ReminderViewController.swift in Sources */,
			);
			runOnlyForDeploymentPostprocessing = 0;
		};
		50E9D10B2355C25C000042BC /* Sources */ = {
			isa = PBXSourcesBuildPhase;
			buildActionMask = 2147483647;
			files = (
				50E9D1142355C25C000042BC /* BussMeStoryboardTests.swift in Sources */,
			);
			runOnlyForDeploymentPostprocessing = 0;
		};
		50E9D1162355C25C000042BC /* Sources */ = {
			isa = PBXSourcesBuildPhase;
			buildActionMask = 2147483647;
			files = (
				50E9D11F2355C25C000042BC /* BussMeStoryboardUITests.swift in Sources */,
			);
			runOnlyForDeploymentPostprocessing = 0;
		};
/* End PBXSourcesBuildPhase section */

/* Begin PBXTargetDependency section */
		50E9D1112355C25C000042BC /* PBXTargetDependency */ = {
			isa = PBXTargetDependency;
			target = 50E9D0F52355C25A000042BC /* BussMeStoryboard */;
			targetProxy = 50E9D1102355C25C000042BC /* PBXContainerItemProxy */;
		};
		50E9D11C2355C25C000042BC /* PBXTargetDependency */ = {
			isa = PBXTargetDependency;
			target = 50E9D0F52355C25A000042BC /* BussMeStoryboard */;
			targetProxy = 50E9D11B2355C25C000042BC /* PBXContainerItemProxy */;
		};
/* End PBXTargetDependency section */

/* Begin PBXVariantGroup section */
		50E9D1072355C25C000042BC /* LaunchScreen.storyboard */ = {
			isa = PBXVariantGroup;
			children = (
				50E9D1082355C25C000042BC /* Base */,
			);
			name = LaunchScreen.storyboard;
			sourceTree = "<group>";
		};
/* End PBXVariantGroup section */

/* Begin XCBuildConfiguration section */
		50E9D1212355C25C000042BC /* Debug */ = {
			isa = XCBuildConfiguration;
			buildSettings = {
				ALWAYS_SEARCH_USER_PATHS = NO;
				CLANG_ANALYZER_NONNULL = YES;
				CLANG_ANALYZER_NUMBER_OBJECT_CONVERSION = YES_AGGRESSIVE;
				CLANG_CXX_LANGUAGE_STANDARD = "gnu++14";
				CLANG_CXX_LIBRARY = "libc++";
				CLANG_ENABLE_MODULES = YES;
				CLANG_ENABLE_OBJC_ARC = YES;
				CLANG_ENABLE_OBJC_WEAK = YES;
				CLANG_WARN_BLOCK_CAPTURE_AUTORELEASING = YES;
				CLANG_WARN_BOOL_CONVERSION = YES;
				CLANG_WARN_COMMA = YES;
				CLANG_WARN_CONSTANT_CONVERSION = YES;
				CLANG_WARN_DEPRECATED_OBJC_IMPLEMENTATIONS = YES;
				CLANG_WARN_DIRECT_OBJC_ISA_USAGE = YES_ERROR;
				CLANG_WARN_DOCUMENTATION_COMMENTS = YES;
				CLANG_WARN_EMPTY_BODY = YES;
				CLANG_WARN_ENUM_CONVERSION = YES;
				CLANG_WARN_INFINITE_RECURSION = YES;
				CLANG_WARN_INT_CONVERSION = YES;
				CLANG_WARN_NON_LITERAL_NULL_CONVERSION = YES;
				CLANG_WARN_OBJC_IMPLICIT_RETAIN_SELF = YES;
				CLANG_WARN_OBJC_LITERAL_CONVERSION = YES;
				CLANG_WARN_OBJC_ROOT_CLASS = YES_ERROR;
				CLANG_WARN_RANGE_LOOP_ANALYSIS = YES;
				CLANG_WARN_STRICT_PROTOTYPES = YES;
				CLANG_WARN_SUSPICIOUS_MOVE = YES;
				CLANG_WARN_UNGUARDED_AVAILABILITY = YES_AGGRESSIVE;
				CLANG_WARN_UNREACHABLE_CODE = YES;
				CLANG_WARN__DUPLICATE_METHOD_MATCH = YES;
				COPY_PHASE_STRIP = NO;
				DEBUG_INFORMATION_FORMAT = dwarf;
				ENABLE_STRICT_OBJC_MSGSEND = YES;
				ENABLE_TESTABILITY = YES;
				GCC_C_LANGUAGE_STANDARD = gnu11;
				GCC_DYNAMIC_NO_PIC = NO;
				GCC_NO_COMMON_BLOCKS = YES;
				GCC_OPTIMIZATION_LEVEL = 0;
				GCC_PREPROCESSOR_DEFINITIONS = (
					"DEBUG=1",
					"$(inherited)",
				);
				GCC_WARN_64_TO_32_BIT_CONVERSION = YES;
				GCC_WARN_ABOUT_RETURN_TYPE = YES_ERROR;
				GCC_WARN_UNDECLARED_SELECTOR = YES;
				GCC_WARN_UNINITIALIZED_AUTOS = YES_AGGRESSIVE;
				GCC_WARN_UNUSED_FUNCTION = YES;
				GCC_WARN_UNUSED_VARIABLE = YES;
				IPHONEOS_DEPLOYMENT_TARGET = 13.0;
				MTL_ENABLE_DEBUG_INFO = INCLUDE_SOURCE;
				MTL_FAST_MATH = YES;
				ONLY_ACTIVE_ARCH = YES;
				SDKROOT = iphoneos;
				SWIFT_ACTIVE_COMPILATION_CONDITIONS = DEBUG;
				SWIFT_OPTIMIZATION_LEVEL = "-Onone";
			};
			name = Debug;
		};
		50E9D1222355C25C000042BC /* Release */ = {
			isa = XCBuildConfiguration;
			buildSettings = {
				ALWAYS_SEARCH_USER_PATHS = NO;
				CLANG_ANALYZER_NONNULL = YES;
				CLANG_ANALYZER_NUMBER_OBJECT_CONVERSION = YES_AGGRESSIVE;
				CLANG_CXX_LANGUAGE_STANDARD = "gnu++14";
				CLANG_CXX_LIBRARY = "libc++";
				CLANG_ENABLE_MODULES = YES;
				CLANG_ENABLE_OBJC_ARC = YES;
				CLANG_ENABLE_OBJC_WEAK = YES;
				CLANG_WARN_BLOCK_CAPTURE_AUTORELEASING = YES;
				CLANG_WARN_BOOL_CONVERSION = YES;
				CLANG_WARN_COMMA = YES;
				CLANG_WARN_CONSTANT_CONVERSION = YES;
				CLANG_WARN_DEPRECATED_OBJC_IMPLEMENTATIONS = YES;
				CLANG_WARN_DIRECT_OBJC_ISA_USAGE = YES_ERROR;
				CLANG_WARN_DOCUMENTATION_COMMENTS = YES;
				CLANG_WARN_EMPTY_BODY = YES;
				CLANG_WARN_ENUM_CONVERSION = YES;
				CLANG_WARN_INFINITE_RECURSION = YES;
				CLANG_WARN_INT_CONVERSION = YES;
				CLANG_WARN_NON_LITERAL_NULL_CONVERSION = YES;
				CLANG_WARN_OBJC_IMPLICIT_RETAIN_SELF = YES;
				CLANG_WARN_OBJC_LITERAL_CONVERSION = YES;
				CLANG_WARN_OBJC_ROOT_CLASS = YES_ERROR;
				CLANG_WARN_RANGE_LOOP_ANALYSIS = YES;
				CLANG_WARN_STRICT_PROTOTYPES = YES;
				CLANG_WARN_SUSPICIOUS_MOVE = YES;
				CLANG_WARN_UNGUARDED_AVAILABILITY = YES_AGGRESSIVE;
				CLANG_WARN_UNREACHABLE_CODE = YES;
				CLANG_WARN__DUPLICATE_METHOD_MATCH = YES;
				COPY_PHASE_STRIP = NO;
				DEBUG_INFORMATION_FORMAT = "dwarf-with-dsym";
				ENABLE_NS_ASSERTIONS = NO;
				ENABLE_STRICT_OBJC_MSGSEND = YES;
				GCC_C_LANGUAGE_STANDARD = gnu11;
				GCC_NO_COMMON_BLOCKS = YES;
				GCC_WARN_64_TO_32_BIT_CONVERSION = YES;
				GCC_WARN_ABOUT_RETURN_TYPE = YES_ERROR;
				GCC_WARN_UNDECLARED_SELECTOR = YES;
				GCC_WARN_UNINITIALIZED_AUTOS = YES_AGGRESSIVE;
				GCC_WARN_UNUSED_FUNCTION = YES;
				GCC_WARN_UNUSED_VARIABLE = YES;
				IPHONEOS_DEPLOYMENT_TARGET = 13.0;
				MTL_ENABLE_DEBUG_INFO = NO;
				MTL_FAST_MATH = YES;
				SDKROOT = iphoneos;
				SWIFT_COMPILATION_MODE = wholemodule;
				SWIFT_OPTIMIZATION_LEVEL = "-O";
				VALIDATE_PRODUCT = YES;
			};
			name = Release;
		};
		50E9D1242355C25C000042BC /* Debug */ = {
			isa = XCBuildConfiguration;
			baseConfigurationReference = C17E0CB0F9069AE8F9532AB5 /* Pods-BussMeStoryboard.debug.xcconfig */;
			buildSettings = {
				ASSETCATALOG_COMPILER_APPICON_NAME = AppIcon;
				CODE_SIGN_ENTITLEMENTS = BussMeStoryboard/BussMeStoryboard.entitlements;
				CODE_SIGN_STYLE = Automatic;
				DEVELOPMENT_ASSET_PATHS = "";
				DEVELOPMENT_TEAM = 64M6B7NHMY;
				INFOPLIST_FILE = BussMeStoryboard/Info.plist;
				LD_RUNPATH_SEARCH_PATHS = (
					"$(inherited)",
					"@executable_path/Frameworks",
				);
				MARKETING_VERSION = 1.0.1;
				PRODUCT_BUNDLE_IDENTIFIER = com.rickyeffendi.BussMeStoryboard;
				PRODUCT_NAME = FellowCity;
				SWIFT_VERSION = 5.0;
				TARGETED_DEVICE_FAMILY = 1;
			};
			name = Debug;
		};
		50E9D1252355C25C000042BC /* Release */ = {
			isa = XCBuildConfiguration;
			baseConfigurationReference = F419FB808859F4B2AD9CBD54 /* Pods-BussMeStoryboard.release.xcconfig */;
			buildSettings = {
				ASSETCATALOG_COMPILER_APPICON_NAME = AppIcon;
				CODE_SIGN_ENTITLEMENTS = BussMeStoryboard/BussMeStoryboard.entitlements;
				CODE_SIGN_STYLE = Automatic;
				DEVELOPMENT_ASSET_PATHS = "";
				DEVELOPMENT_TEAM = 64M6B7NHMY;
				INFOPLIST_FILE = BussMeStoryboard/Info.plist;
				LD_RUNPATH_SEARCH_PATHS = (
					"$(inherited)",
					"@executable_path/Frameworks",
				);
				MARKETING_VERSION = 1.0.1;
				PRODUCT_BUNDLE_IDENTIFIER = com.rickyeffendi.BussMeStoryboard;
				PRODUCT_NAME = FellowCity;
				SWIFT_VERSION = 5.0;
				TARGETED_DEVICE_FAMILY = 1;
			};
			name = Release;
		};
		50E9D1272355C25C000042BC /* Debug */ = {
			isa = XCBuildConfiguration;
			baseConfigurationReference = 888D1D867A4F3AE799093AA1 /* Pods-BussMeStoryboardTests.debug.xcconfig */;
			buildSettings = {
				ALWAYS_EMBED_SWIFT_STANDARD_LIBRARIES = YES;
				BUNDLE_LOADER = "$(TEST_HOST)";
				CODE_SIGN_STYLE = Automatic;
				DEVELOPMENT_TEAM = 64M6B7NHMY;
				INFOPLIST_FILE = BussMeStoryboardTests/Info.plist;
				IPHONEOS_DEPLOYMENT_TARGET = 13.0;
				LD_RUNPATH_SEARCH_PATHS = (
					"$(inherited)",
					"@executable_path/Frameworks",
					"@loader_path/Frameworks",
				);
				PRODUCT_BUNDLE_IDENTIFIER = com.rickyeffendi.BussMeStoryboardTests;
				PRODUCT_NAME = "$(TARGET_NAME)";
				SWIFT_VERSION = 5.0;
				TARGETED_DEVICE_FAMILY = "1,2";
				TEST_HOST = "$(BUILT_PRODUCTS_DIR)/BussMeStoryboard.app/BussMeStoryboard";
			};
			name = Debug;
		};
		50E9D1282355C25C000042BC /* Release */ = {
			isa = XCBuildConfiguration;
			baseConfigurationReference = E2B2B33665EB2AAED3935324 /* Pods-BussMeStoryboardTests.release.xcconfig */;
			buildSettings = {
				ALWAYS_EMBED_SWIFT_STANDARD_LIBRARIES = YES;
				BUNDLE_LOADER = "$(TEST_HOST)";
				CODE_SIGN_STYLE = Automatic;
				DEVELOPMENT_TEAM = 64M6B7NHMY;
				INFOPLIST_FILE = BussMeStoryboardTests/Info.plist;
				IPHONEOS_DEPLOYMENT_TARGET = 13.0;
				LD_RUNPATH_SEARCH_PATHS = (
					"$(inherited)",
					"@executable_path/Frameworks",
					"@loader_path/Frameworks",
				);
				PRODUCT_BUNDLE_IDENTIFIER = com.rickyeffendi.BussMeStoryboardTests;
				PRODUCT_NAME = "$(TARGET_NAME)";
				SWIFT_VERSION = 5.0;
				TARGETED_DEVICE_FAMILY = "1,2";
				TEST_HOST = "$(BUILT_PRODUCTS_DIR)/BussMeStoryboard.app/BussMeStoryboard";
			};
			name = Release;
		};
		50E9D12A2355C25C000042BC /* Debug */ = {
			isa = XCBuildConfiguration;
			baseConfigurationReference = B377B4D3DD6CC06E095AAC74 /* Pods-BussMeStoryboard-BussMeStoryboardUITests.debug.xcconfig */;
			buildSettings = {
				ALWAYS_EMBED_SWIFT_STANDARD_LIBRARIES = YES;
				CODE_SIGN_STYLE = Automatic;
				DEVELOPMENT_TEAM = 64M6B7NHMY;
				INFOPLIST_FILE = BussMeStoryboardUITests/Info.plist;
				LD_RUNPATH_SEARCH_PATHS = (
					"$(inherited)",
					"@executable_path/Frameworks",
					"@loader_path/Frameworks",
				);
				PRODUCT_BUNDLE_IDENTIFIER = com.rickyeffendi.BussMeStoryboardUITests;
				PRODUCT_NAME = "$(TARGET_NAME)";
				SWIFT_VERSION = 5.0;
				TARGETED_DEVICE_FAMILY = "1,2";
				TEST_TARGET_NAME = BussMeStoryboard;
			};
			name = Debug;
		};
		50E9D12B2355C25C000042BC /* Release */ = {
			isa = XCBuildConfiguration;
			baseConfigurationReference = 2BDBFA39DF23F08F0E43758C /* Pods-BussMeStoryboard-BussMeStoryboardUITests.release.xcconfig */;
			buildSettings = {
				ALWAYS_EMBED_SWIFT_STANDARD_LIBRARIES = YES;
				CODE_SIGN_STYLE = Automatic;
				DEVELOPMENT_TEAM = 64M6B7NHMY;
				INFOPLIST_FILE = BussMeStoryboardUITests/Info.plist;
				LD_RUNPATH_SEARCH_PATHS = (
					"$(inherited)",
					"@executable_path/Frameworks",
					"@loader_path/Frameworks",
				);
				PRODUCT_BUNDLE_IDENTIFIER = com.rickyeffendi.BussMeStoryboardUITests;
				PRODUCT_NAME = "$(TARGET_NAME)";
				SWIFT_VERSION = 5.0;
				TARGETED_DEVICE_FAMILY = "1,2";
				TEST_TARGET_NAME = BussMeStoryboard;
			};
			name = Release;
		};
/* End XCBuildConfiguration section */

/* Begin XCConfigurationList section */
		50E9D0F12355C25A000042BC /* Build configuration list for PBXProject "BussMeStoryboard" */ = {
			isa = XCConfigurationList;
			buildConfigurations = (
				50E9D1212355C25C000042BC /* Debug */,
				50E9D1222355C25C000042BC /* Release */,
			);
			defaultConfigurationIsVisible = 0;
			defaultConfigurationName = Release;
		};
		50E9D1232355C25C000042BC /* Build configuration list for PBXNativeTarget "BussMeStoryboard" */ = {
			isa = XCConfigurationList;
			buildConfigurations = (
				50E9D1242355C25C000042BC /* Debug */,
				50E9D1252355C25C000042BC /* Release */,
			);
			defaultConfigurationIsVisible = 0;
			defaultConfigurationName = Release;
		};
		50E9D1262355C25C000042BC /* Build configuration list for PBXNativeTarget "BussMeStoryboardTests" */ = {
			isa = XCConfigurationList;
			buildConfigurations = (
				50E9D1272355C25C000042BC /* Debug */,
				50E9D1282355C25C000042BC /* Release */,
			);
			defaultConfigurationIsVisible = 0;
			defaultConfigurationName = Release;
		};
		50E9D1292355C25C000042BC /* Build configuration list for PBXNativeTarget "BussMeStoryboardUITests" */ = {
			isa = XCConfigurationList;
			buildConfigurations = (
				50E9D12A2355C25C000042BC /* Debug */,
				50E9D12B2355C25C000042BC /* Release */,
			);
			defaultConfigurationIsVisible = 0;
			defaultConfigurationName = Release;
		};
/* End XCConfigurationList section */

/* Begin XCVersionGroup section */
		50E9D1022355C25A000042BC /* BussMeStoryboard.xcdatamodeld */ = {
			isa = XCVersionGroup;
			children = (
				50E9D1032355C25A000042BC /* BussMeStoryboard.xcdatamodel */,
			);
			currentVersion = 50E9D1032355C25A000042BC /* BussMeStoryboard.xcdatamodel */;
			path = BussMeStoryboard.xcdatamodeld;
			sourceTree = "<group>";
			versionGroupType = wrapper.xcdatamodel;
		};
/* End XCVersionGroup section */
	};
	rootObject = 50E9D0EE2355C25A000042BC /* Project object */;
}
